{
  "name": "my-app",
  "version": "1.0.0",
  "lockfileVersion": 2,
  "dependencies": {
    "lodash": {
      "version": "4.17.21",
      "resolved": "https://registry.npmjs.org/lodash/-/lodash-4.17.21.tgz",
      "integrity": "sha512-KnxlP5n7gOxlXj1SxxWnWy0xQQjjfgtA5r+DRfdGp1P0FBrw6zEhmL+u90hQH2JszQXOxj6MSLytFz2oZv0O8A=="
    }
  }
}
